
Microsoft Visual Studio Solution File, Format Version 12.00
# Visual Studio Version 17
VisualStudioVersion = 17.11.35431.28
MinimumVisualStudioVersion = 10.0.40219.1
Project("{9A19103F-16F7-4668-BE54-9A1E7A4F7556}") = "Carly.Api", "Carly.Api\Carly.Api.csproj", "{48D2051E-0E83-4E82-9316-E2094FA8B02C}"
EndProject
Project("{9A19103F-16F7-4668-BE54-9A1E7A4F7556}") = "Carly.App", "Carly.App\Carly.App.csproj", "{74C8F540-DAFD-4BF1-BDAF-308EDF16D797}"
EndProject
Global
	GlobalSection(SolutionConfigurationPlatforms) = preSolution
		Debug|Any CPU = Debug|Any CPU
		Release|Any CPU = Release|Any CPU
	EndGlobalSection
	GlobalSection(ProjectConfigurationPlatforms) = postSolution
		{48D2051E-0E83-4E82-9316-E2094FA8B02C}.Debug|Any CPU.ActiveCfg = Debug|Any CPU
		{48D2051E-0E83-4E82-9316-E2094FA8B02C}.Debug|Any CPU.Build.0 = Debug|Any CPU
		{48D2051E-0E83-4E82-9316-E2094FA8B02C}.Release|Any CPU.ActiveCfg = Release|Any CPU
		{48D2051E-0E83-4E82-9316-E2094FA8B02C}.Release|Any CPU.Build.0 = Release|Any CPU
		{74C8F540-DAFD-4BF1-BDAF-308EDF16D797}.Debug|Any CPU.ActiveCfg = Debug|Any CPU
		{74C8F540-DAFD-4BF1-BDAF-308EDF16D797}.Debug|Any CPU.Build.0 = Debug|Any CPU
		{74C8F540-DAFD-4BF1-BDAF-308EDF16D797}.Release|Any CPU.ActiveCfg = Release|Any CPU
		{74C8F540-DAFD-4BF1-BDAF-308EDF16D797}.Release|Any CPU.Build.0 = Release|Any CPU
	EndGlobalSection
	GlobalSection(SolutionProperties) = preSolution
		HideSolutionNode = FALSE
	EndGlobalSection
	GlobalSection(ExtensibilityGlobals) = postSolution
		SolutionGuid = {1B5D9A2F-D7B1-4450-AA5D-03BC3DBEE541}
	EndGlobalSection
EndGlobal
